PODS:
  - Nimble (10.0.0)
  - Quick (5.0.1)

DEPENDENCIES:
  - Nimble
  - Quick

SPEC REPOS:
  trunk:
    - Nimble
    - Quick

SPEC CHECKSUMS:
  Nimble: 5316ef81a170ce87baf72dd961f22f89a602ff84
  Quick: 749aa754fd1e7d984f2000fe051e18a3a9809179

PODFILE CHECKSUM: 191b9f80b8b89a974fb767fd1640dfc49b31e8bb

COCOAPODS: 1.14.2
