// !$*UTF8*$!
{
	archiveVersion = 1;
	classes = {
	};
	objectVersion = 54;
	objects = {

/* Begin PBXBuildFile section */
		462F2F256BECDE9C2828E445 /* Pods_RACObjC_UI_AppKitTests.framework in Frameworks */ = {isa = PBXBuildFile; fileRef = CE2A7C0A93FFD5AD629C73F3 /* Pods_RACObjC_UI_AppKitTests.framework */; };
		710E30EEC164F8D288463F47 /* Pods_RACObjC_UI_iOSTests.framework in Frameworks */ = {isa = PBXBuildFile; fileRef = 9D570D895AF900EA2840DB31 /* Pods_RACObjC_UI_iOSTests.framework */; };
		8A4797A6261643A00083A004 /* UIButtonRACSupportSpec.m in Sources */ = {isa = PBXBuildFile; fileRef = 8A47974D26163D230083A004 /* UIButtonRACSupportSpec.m */; };
		8A4797A7261643A00083A004 /* UIAlertViewRACSupportSpec.m in Sources */ = {isa = PBXBuildFile; fileRef = 8A47974926163D230083A004 /* UIAlertViewRACSupportSpec.m */; };
		8A4797A8261643A00083A004 /* UIActionSheetRACSupportSpec.m in Sources */ = {isa = PBXBuildFile; fileRef = 8A47974C26163D230083A004 /* UIActionSheetRACSupportSpec.m */; };
		8A4797A9261643A00083A004 /* UIBarButtonItemRACSupportSpec.m in Sources */ = {isa = PBXBuildFile; fileRef = 8A47974A26163D230083A004 /* UIBarButtonItemRACSupportSpec.m */; };
		8A4797AA261643A00083A004 /* UIImagePickerControllerRACSupportSpec.m in Sources */ = {isa = PBXBuildFile; fileRef = 8A47974B26163D230083A004 /* UIImagePickerControllerRACSupportSpec.m */; };
		8A4797CF261644870083A004 /* RACControlCommandExamples.m in Sources */ = {isa = PBXBuildFile; fileRef = 8A4797CD261644870083A004 /* RACControlCommandExamples.m */; };
		8A4797D6261645180083A004 /* RACTestUIButton.m in Sources */ = {isa = PBXBuildFile; fileRef = 8A4797D5261645170083A004 /* RACTestUIButton.m */; };
		8A7C230426176CDD003A38A0 /* RACObjC-UI.framework in Frameworks */ = {isa = PBXBuildFile; fileRef = 8ABFA5B326162B5300AF0F57 /* RACObjC-UI.framework */; };
		8A8C663D26173AAF00CE49A4 /* RACObjC-UI.framework in Frameworks */ = {isa = PBXBuildFile; fileRef = 8ABFA3B52615E55800AF0F57 /* RACObjC-UI.framework */; };
		8ABFA3C62615E55800AF0F57 /* RACObjCUI.h in Headers */ = {isa = PBXBuildFile; fileRef = 8ABFA3B82615E55800AF0F57 /* RACObjCUI.h */; settings = {ATTRIBUTES = (Public, ); }; };
		8ABFA3F82615E58B00AF0F57 /* UIActionSheet+RACSignalSupport.h in Headers */ = {isa = PBXBuildFile; fileRef = 8ABFA3D22615E58A00AF0F57 /* UIActionSheet+RACSignalSupport.h */; };
		8ABFA3F92615E58C00AF0F57 /* UIControl+RACSignalSupportPrivate.m in Sources */ = {isa = PBXBuildFile; fileRef = 8ABFA3D32615E58A00AF0F57 /* UIControl+RACSignalSupportPrivate.m */; };
		8ABFA3FA2615E58C00AF0F57 /* UICollectionReusableView+RACSignalSupport.h in Headers */ = {isa = PBXBuildFile; fileRef = 8ABFA3D42615E58A00AF0F57 /* UICollectionReusableView+RACSignalSupport.h */; };
		8ABFA3FB2615E58C00AF0F57 /* UISegmentedControl+RACSignalSupport.m in Sources */ = {isa = PBXBuildFile; fileRef = 8ABFA3D52615E58A00AF0F57 /* UISegmentedControl+RACSignalSupport.m */; };
		8ABFA3FC2615E58C00AF0F57 /* UITextField+RACSignalSupport.h in Headers */ = {isa = PBXBuildFile; fileRef = 8ABFA3D62615E58A00AF0F57 /* UITextField+RACSignalSupport.h */; };
		8ABFA3FD2615E58C00AF0F57 /* UITextField+RACSignalSupport.m in Sources */ = {isa = PBXBuildFile; fileRef = 8ABFA3D72615E58A00AF0F57 /* UITextField+RACSignalSupport.m */; };
		8ABFA3FE2615E58C00AF0F57 /* UITableViewHeaderFooterView+RACSignalSupport.m in Sources */ = {isa = PBXBuildFile; fileRef = 8ABFA3D82615E58A00AF0F57 /* UITableViewHeaderFooterView+RACSignalSupport.m */; };
		8ABFA3FF2615E58C00AF0F57 /* UITextView+RACSignalSupport.m in Sources */ = {isa = PBXBuildFile; fileRef = 8ABFA3D92615E58A00AF0F57 /* UITextView+RACSignalSupport.m */; };
		8ABFA4002615E58C00AF0F57 /* UIControl+RACSignalSupport.h in Headers */ = {isa = PBXBuildFile; fileRef = 8ABFA3DA2615E58A00AF0F57 /* UIControl+RACSignalSupport.h */; };
		8ABFA4012615E58C00AF0F57 /* UICollectionReusableView+RACSignalSupport.m in Sources */ = {isa = PBXBuildFile; fileRef = 8ABFA3DB2615E58A00AF0F57 /* UICollectionReusableView+RACSignalSupport.m */; };
		8ABFA4022615E58C00AF0F57 /* UISwitch+RACSignalSupport.m in Sources */ = {isa = PBXBuildFile; fileRef = 8ABFA3DC2615E58A00AF0F57 /* UISwitch+RACSignalSupport.m */; };
		8ABFA4032615E58C00AF0F57 /* UIActionSheet+RACSignalSupport.m in Sources */ = {isa = PBXBuildFile; fileRef = 8ABFA3DD2615E58A00AF0F57 /* UIActionSheet+RACSignalSupport.m */; };
		8ABFA4042615E58C00AF0F57 /* UIDatePicker+RACSignalSupport.h in Headers */ = {isa = PBXBuildFile; fileRef = 8ABFA3DE2615E58A00AF0F57 /* UIDatePicker+RACSignalSupport.h */; };
		8ABFA4052615E58C00AF0F57 /* UIRefreshControl+RACCommandSupport.h in Headers */ = {isa = PBXBuildFile; fileRef = 8ABFA3DF2615E58A00AF0F57 /* UIRefreshControl+RACCommandSupport.h */; };
		8ABFA4062615E58C00AF0F57 /* UIImagePickerController+RACSignalSupport.h in Headers */ = {isa = PBXBuildFile; fileRef = 8ABFA3E02615E58A00AF0F57 /* UIImagePickerController+RACSignalSupport.h */; };
		8ABFA4072615E58C00AF0F57 /* UISegmentedControl+RACSignalSupport.h in Headers */ = {isa = PBXBuildFile; fileRef = 8ABFA3E12615E58A00AF0F57 /* UISegmentedControl+RACSignalSupport.h */; };
		8ABFA4082615E58C00AF0F57 /* UIImagePickerController+RACSignalSupport.m in Sources */ = {isa = PBXBuildFile; fileRef = 8ABFA3E22615E58A00AF0F57 /* UIImagePickerController+RACSignalSupport.m */; };
		8ABFA4092615E58C00AF0F57 /* UIControl+RACSignalSupport.m in Sources */ = {isa = PBXBuildFile; fileRef = 8ABFA3E32615E58A00AF0F57 /* UIControl+RACSignalSupport.m */; };
		8ABFA40A2615E58C00AF0F57 /* UISlider+RACSignalSupport.h in Headers */ = {isa = PBXBuildFile; fileRef = 8ABFA3E42615E58A00AF0F57 /* UISlider+RACSignalSupport.h */; };
		8ABFA40B2615E58C00AF0F57 /* UISwitch+RACSignalSupport.h in Headers */ = {isa = PBXBuildFile; fileRef = 8ABFA3E52615E58B00AF0F57 /* UISwitch+RACSignalSupport.h */; };
		8ABFA40C2615E58C00AF0F57 /* UISlider+RACSignalSupport.m in Sources */ = {isa = PBXBuildFile; fileRef = 8ABFA3E62615E58B00AF0F57 /* UISlider+RACSignalSupport.m */; };
		8ABFA40D2615E58C00AF0F57 /* UITableViewCell+RACSignalSupport.m in Sources */ = {isa = PBXBuildFile; fileRef = 8ABFA3E72615E58B00AF0F57 /* UITableViewCell+RACSignalSupport.m */; };
		8ABFA40E2615E58C00AF0F57 /* UIBarButtonItem+RACCommandSupport.h in Headers */ = {isa = PBXBuildFile; fileRef = 8ABFA3E82615E58B00AF0F57 /* UIBarButtonItem+RACCommandSupport.h */; };
		8ABFA40F2615E58C00AF0F57 /* UIStepper+RACSignalSupport.m in Sources */ = {isa = PBXBuildFile; fileRef = 8ABFA3E92615E58B00AF0F57 /* UIStepper+RACSignalSupport.m */; };
		8ABFA4102615E58C00AF0F57 /* UIAlertView+RACSignalSupport.h in Headers */ = {isa = PBXBuildFile; fileRef = 8ABFA3EA2615E58B00AF0F57 /* UIAlertView+RACSignalSupport.h */; };
		8ABFA4112615E58C00AF0F57 /* UIGestureRecognizer+RACSignalSupport.h in Headers */ = {isa = PBXBuildFile; fileRef = 8ABFA3EB2615E58B00AF0F57 /* UIGestureRecognizer+RACSignalSupport.h */; };
		8ABFA4122615E58C00AF0F57 /* UIDatePicker+RACSignalSupport.m in Sources */ = {isa = PBXBuildFile; fileRef = 8ABFA3EC2615E58B00AF0F57 /* UIDatePicker+RACSignalSupport.m */; };
		8ABFA4132615E58C00AF0F57 /* UIStepper+RACSignalSupport.h in Headers */ = {isa = PBXBuildFile; fileRef = 8ABFA3ED2615E58B00AF0F57 /* UIStepper+RACSignalSupport.h */; };
		8ABFA4142615E58C00AF0F57 /* UITableViewHeaderFooterView+RACSignalSupport.h in Headers */ = {isa = PBXBuildFile; fileRef = 8ABFA3EE2615E58B00AF0F57 /* UITableViewHeaderFooterView+RACSignalSupport.h */; };
		8ABFA4152615E58C00AF0F57 /* UITextView+RACSignalSupport.h in Headers */ = {isa = PBXBuildFile; fileRef = 8ABFA3EF2615E58B00AF0F57 /* UITextView+RACSignalSupport.h */; };
		8ABFA4162615E58C00AF0F57 /* UIButton+RACCommandSupport.h in Headers */ = {isa = PBXBuildFile; fileRef = 8ABFA3F02615E58B00AF0F57 /* UIButton+RACCommandSupport.h */; };
		8ABFA4172615E58C00AF0F57 /* UIBarButtonItem+RACCommandSupport.m in Sources */ = {isa = PBXBuildFile; fileRef = 8ABFA3F12615E58B00AF0F57 /* UIBarButtonItem+RACCommandSupport.m */; };
		8ABFA4182615E58C00AF0F57 /* UIControl+RACSignalSupportPrivate.h in Headers */ = {isa = PBXBuildFile; fileRef = 8ABFA3F22615E58B00AF0F57 /* UIControl+RACSignalSupportPrivate.h */; };
		8ABFA4192615E58C00AF0F57 /* UIRefreshControl+RACCommandSupport.m in Sources */ = {isa = PBXBuildFile; fileRef = 8ABFA3F32615E58B00AF0F57 /* UIRefreshControl+RACCommandSupport.m */; };
		8ABFA41A2615E58C00AF0F57 /* UIButton+RACCommandSupport.m in Sources */ = {isa = PBXBuildFile; fileRef = 8ABFA3F42615E58B00AF0F57 /* UIButton+RACCommandSupport.m */; };
		8ABFA41B2615E58C00AF0F57 /* UIGestureRecognizer+RACSignalSupport.m in Sources */ = {isa = PBXBuildFile; fileRef = 8ABFA3F52615E58B00AF0F57 /* UIGestureRecognizer+RACSignalSupport.m */; };
		8ABFA41C2615E58C00AF0F57 /* UITableViewCell+RACSignalSupport.h in Headers */ = {isa = PBXBuildFile; fileRef = 8ABFA3F62615E58B00AF0F57 /* UITableViewCell+RACSignalSupport.h */; };
		8ABFA41D2615E58C00AF0F57 /* UIAlertView+RACSignalSupport.m in Sources */ = {isa = PBXBuildFile; fileRef = 8ABFA3F72615E58B00AF0F57 /* UIAlertView+RACSignalSupport.m */; };
		8ABFA4312615E60000AF0F57 /* RACObjC.framework in Frameworks */ = {isa = PBXBuildFile; fileRef = 8ABFA4302615E60000AF0F57 /* RACObjC.framework */; };
		8ABFA4322615E60000AF0F57 /* RACObjC.framework in Embed Frameworks */ = {isa = PBXBuildFile; fileRef = 8ABFA4302615E60000AF0F57 /* RACObjC.framework */; settings = {ATTRIBUTES = (CodeSignOnCopy, RemoveHeadersOnCopy, ); }; };
		8ABFA46B2616254E00AF0F57 /* MKAnnotationView+RACSignalSupport.m in Sources */ = {isa = PBXBuildFile; fileRef = 8ABFA4692616254E00AF0F57 /* MKAnnotationView+RACSignalSupport.m */; };
		8ABFA46C2616254E00AF0F57 /* MKAnnotationView+RACSignalSupport.h in Headers */ = {isa = PBXBuildFile; fileRef = 8ABFA46A2616254E00AF0F57 /* MKAnnotationView+RACSignalSupport.h */; };
		8ABFA59026162B5300AF0F57 /* RACObjCUI.h in Headers */ = {isa = PBXBuildFile; fileRef = 8ABFA3B82615E55800AF0F57 /* RACObjCUI.h */; settings = {ATTRIBUTES = (Public, ); }; };
		8ABFA5B726162B8B00AF0F57 /* NSControl+RACTextSignalSupport.h in Headers */ = {isa = PBXBuildFile; fileRef = 8ABFA4702616255900AF0F57 /* NSControl+RACTextSignalSupport.h */; };
		8ABFA5B826162B8B00AF0F57 /* NSControl+RACCommandSupport.h in Headers */ = {isa = PBXBuildFile; fileRef = 8ABFA46E2616255900AF0F57 /* NSControl+RACCommandSupport.h */; };
		8ABFA5B926162B8B00AF0F57 /* NSText+RACSignalSupport.m in Sources */ = {isa = PBXBuildFile; fileRef = 8ABFA4772616257100AF0F57 /* NSText+RACSignalSupport.m */; };
		8ABFA5BA26162B8B00AF0F57 /* NSObject+RACAppKitBindings.m in Sources */ = {isa = PBXBuildFile; fileRef = 8ABFA47C2616275000AF0F57 /* NSObject+RACAppKitBindings.m */; };
		8ABFA5BB26162B8B00AF0F57 /* NSControl+RACCommandSupport.m in Sources */ = {isa = PBXBuildFile; fileRef = 8ABFA4712616255900AF0F57 /* NSControl+RACCommandSupport.m */; };
		8ABFA5BC26162B8B00AF0F57 /* NSText+RACSignalSupport.h in Headers */ = {isa = PBXBuildFile; fileRef = 8ABFA4782616257100AF0F57 /* NSText+RACSignalSupport.h */; };
		8ABFA5BD26162B8B00AF0F57 /* NSObject+RACAppKitBindings.h in Headers */ = {isa = PBXBuildFile; fileRef = 8ABFA47D2616275000AF0F57 /* NSObject+RACAppKitBindings.h */; };
		8ABFA5BE26162B8B00AF0F57 /* NSControl+RACTextSignalSupport.m in Sources */ = {isa = PBXBuildFile; fileRef = 8ABFA46F2616255900AF0F57 /* NSControl+RACTextSignalSupport.m */; };
		8ABFA5EA261635CA00AF0F57 /* RACObjC.framework in Frameworks */ = {isa = PBXBuildFile; fileRef = 8ABFA5E9261635CA00AF0F57 /* RACObjC.framework */; };
		8ABFA5EB261635CA00AF0F57 /* RACObjC.framework in Embed Frameworks */ = {isa = PBXBuildFile; fileRef = 8ABFA5E9261635CA00AF0F57 /* RACObjC.framework */; settings = {ATTRIBUTES = (CodeSignOnCopy, RemoveHeadersOnCopy, ); }; };
/* End PBXBuildFile section */

/* Begin PBXContainerItemProxy section */
		8A7C230226176CD6003A38A0 /* PBXContainerItemProxy */ = {
			isa = PBXContainerItemProxy;
			containerPortal = 8ABFA3AC2615E55800AF0F57 /* Project object */;
			proxyType = 1;
			remoteGlobalIDString = 8ABFA57F26162B5300AF0F57;
			remoteInfo = "RACObjC-UI-AppKit";
		};
		8A8C663B26173AA900CE49A4 /* PBXContainerItemProxy */ = {
			isa = PBXContainerItemProxy;
			containerPortal = 8ABFA3AC2615E55800AF0F57 /* Project object */;
			proxyType = 1;
			remoteGlobalIDString = 8ABFA3B42615E55800AF0F57;
			remoteInfo = "RACObjC-UI-iOS";
		};
/* End PBXContainerItemProxy section */

/* Begin PBXCopyFilesBuildPhase section */
		8ABFA4332615E60000AF0F57 /* Embed Frameworks */ = {
			isa = PBXCopyFilesBuildPhase;
			buildActionMask = 2147483647;
			dstPath = "";
			dstSubfolderSpec = 10;
			files = (
				8ABFA4322615E60000AF0F57 /* RACObjC.framework in Embed Frameworks */,
			);
			name = "Embed Frameworks";
			runOnlyForDeploymentPostprocessing = 0;
		};
		8ABFA5EC261635CA00AF0F57 /* Embed Frameworks */ = {
			isa = PBXCopyFilesBuildPhase;
			buildActionMask = 2147483647;
			dstPath = "";
			dstSubfolderSpec = 10;
			files = (
				8ABFA5EB261635CA00AF0F57 /* RACObjC.framework in Embed Frameworks */,
			);
			name = "Embed Frameworks";
			runOnlyForDeploymentPostprocessing = 0;
		};
/* End PBXCopyFilesBuildPhase section */

/* Begin PBXFileReference section */
		24BE01D945943E02106C3995 /* Pods-RACObjC-UI-AppKitTests.release.xcconfig */ = {isa = PBXFileReference; includeInIndex = 1; lastKnownFileType = text.xcconfig; name = "Pods-RACObjC-UI-AppKitTests.release.xcconfig"; path = "Target Support Files/Pods-RACObjC-UI-AppKitTests/Pods-RACObjC-UI-AppKitTests.release.xcconfig"; sourceTree = "<group>"; };
		36606D33C04BF8C91FD0A89A /* Pods-RACObjC-UI-iOSTests.release.xcconfig */ = {isa = PBXFileReference; includeInIndex = 1; lastKnownFileType = text.xcconfig; name = "Pods-RACObjC-UI-iOSTests.release.xcconfig"; path = "Target Support Files/Pods-RACObjC-UI-iOSTests/Pods-RACObjC-UI-iOSTests.release.xcconfig"; sourceTree = "<group>"; };
		8A402A852AF230FC00043C83 /* RACObjC-UI.modulemap */ = {isa = PBXFileReference; fileEncoding = 4; lastKnownFileType = "sourcecode.module-map"; path = "RACObjC-UI.modulemap"; sourceTree = "<group>"; };
		8A47974926163D230083A004 /* UIAlertViewRACSupportSpec.m */ = {isa = PBXFileReference; fileEncoding = 4; lastKnownFileType = sourcecode.c.objc; path = UIAlertViewRACSupportSpec.m; sourceTree = "<group>"; };
		8A47974A26163D230083A004 /* UIBarButtonItemRACSupportSpec.m */ = {isa = PBXFileReference; fileEncoding = 4; lastKnownFileType = sourcecode.c.objc; path = UIBarButtonItemRACSupportSpec.m; sourceTree = "<group>"; };
		8A47974B26163D230083A004 /* UIImagePickerControllerRACSupportSpec.m */ = {isa = PBXFileReference; fileEncoding = 4; lastKnownFileType = sourcecode.c.objc; path = UIImagePickerControllerRACSupportSpec.m; sourceTree = "<group>"; };
		8A47974C26163D230083A004 /* UIActionSheetRACSupportSpec.m */ = {isa = PBXFileReference; fileEncoding = 4; lastKnownFileType = sourcecode.c.objc; path = UIActionSheetRACSupportSpec.m; sourceTree = "<group>"; };
		8A47974D26163D230083A004 /* UIButtonRACSupportSpec.m */ = {isa = PBXFileReference; fileEncoding = 4; lastKnownFileType = sourcecode.c.objc; path = UIButtonRACSupportSpec.m; sourceTree = "<group>"; };
		8A47976426163DB10083A004 /* NSControllerRACSupportSpec.m */ = {isa = PBXFileReference; fileEncoding = 4; lastKnownFileType = sourcecode.c.objc; path = NSControllerRACSupportSpec.m; sourceTree = "<group>"; };
		8A479791261643890083A004 /* NSObjectRACAppKitBindingsSpec.m */ = {isa = PBXFileReference; fileEncoding = 4; lastKnownFileType = sourcecode.c.objc; path = NSObjectRACAppKitBindingsSpec.m; sourceTree = "<group>"; };
		8A4797CD261644870083A004 /* RACControlCommandExamples.m */ = {isa = PBXFileReference; fileEncoding = 4; lastKnownFileType = sourcecode.c.objc; path = RACControlCommandExamples.m; sourceTree = "<group>"; };
		8A4797CE261644870083A004 /* RACControlCommandExamples.h */ = {isa = PBXFileReference; fileEncoding = 4; lastKnownFileType = sourcecode.c.h; path = RACControlCommandExamples.h; sourceTree = "<group>"; };
		8A4797D4261645170083A004 /* RACTestUIButton.h */ = {isa = PBXFileReference; fileEncoding = 4; lastKnownFileType = sourcecode.c.h; path = RACTestUIButton.h; sourceTree = "<group>"; };
		8A4797D5261645170083A004 /* RACTestUIButton.m */ = {isa = PBXFileReference; fileEncoding = 4; lastKnownFileType = sourcecode.c.objc; path = RACTestUIButton.m; sourceTree = "<group>"; };
		8ABFA3B52615E55800AF0F57 /* RACObjC-UI.framework */ = {isa = PBXFileReference; explicitFileType = wrapper.framework; includeInIndex = 0; path = "RACObjC-UI.framework"; sourceTree = BUILT_PRODUCTS_DIR; };
		8ABFA3B82615E55800AF0F57 /* RACObjCUI.h */ = {isa = PBXFileReference; lastKnownFileType = sourcecode.c.h; path = RACObjCUI.h; sourceTree = "<group>"; };
		8ABFA3B92615E55800AF0F57 /* Info.plist */ = {isa = PBXFileReference; lastKnownFileType = text.plist.xml; path = Info.plist; sourceTree = "<group>"; };
		8ABFA3BE2615E55800AF0F57 /* RACObjC-UI-iOSTests.xctest */ = {isa = PBXFileReference; explicitFileType = wrapper.cfbundle; includeInIndex = 0; path = "RACObjC-UI-iOSTests.xctest"; sourceTree = BUILT_PRODUCTS_DIR; };
		8ABFA3C52615E55800AF0F57 /* Info.plist */ = {isa = PBXFileReference; lastKnownFileType = text.plist.xml; path = Info.plist; sourceTree = "<group>"; };
		8ABFA3D22615E58A00AF0F57 /* UIActionSheet+RACSignalSupport.h */ = {isa = PBXFileReference; fileEncoding = 4; lastKnownFileType = sourcecode.c.h; path = "UIActionSheet+RACSignalSupport.h"; sourceTree = "<group>"; };
		8ABFA3D32615E58A00AF0F57 /* UIControl+RACSignalSupportPrivate.m */ = {isa = PBXFileReference; fileEncoding = 4; lastKnownFileType = sourcecode.c.objc; path = "UIControl+RACSignalSupportPrivate.m"; sourceTree = "<group>"; };
		8ABFA3D42615E58A00AF0F57 /* UICollectionReusableView+RACSignalSupport.h */ = {isa = PBXFileReference; fileEncoding = 4; lastKnownFileType = sourcecode.c.h; path = "UICollectionReusableView+RACSignalSupport.h"; sourceTree = "<group>"; };
		8ABFA3D52615E58A00AF0F57 /* UISegmentedControl+RACSignalSupport.m */ = {isa = PBXFileReference; fileEncoding = 4; lastKnownFileType = sourcecode.c.objc; path = "UISegmentedControl+RACSignalSupport.m"; sourceTree = "<group>"; };
		8ABFA3D62615E58A00AF0F57 /* UITextField+RACSignalSupport.h */ = {isa = PBXFileReference; fileEncoding = 4; lastKnownFileType = sourcecode.c.h; path = "UITextField+RACSignalSupport.h"; sourceTree = "<group>"; };
		8ABFA3D72615E58A00AF0F57 /* UITextField+RACSignalSupport.m */ = {isa = PBXFileReference; fileEncoding = 4; lastKnownFileType = sourcecode.c.objc; path = "UITextField+RACSignalSupport.m"; sourceTree = "<group>"; };
		8ABFA3D82615E58A00AF0F57 /* UITableViewHeaderFooterView+RACSignalSupport.m */ = {isa = PBXFileReference; fileEncoding = 4; lastKnownFileType = sourcecode.c.objc; path = "UITableViewHeaderFooterView+RACSignalSupport.m"; sourceTree = "<group>"; };
		8ABFA3D92615E58A00AF0F57 /* UITextView+RACSignalSupport.m */ = {isa = PBXFileReference; fileEncoding = 4; lastKnownFileType = sourcecode.c.objc; path = "UITextView+RACSignalSupport.m"; sourceTree = "<group>"; };
		8ABFA3DA2615E58A00AF0F57 /* UIControl+RACSignalSupport.h */ = {isa = PBXFileReference; fileEncoding = 4; lastKnownFileType = sourcecode.c.h; path = "UIControl+RACSignalSupport.h"; sourceTree = "<group>"; };
		8ABFA3DB2615E58A00AF0F57 /* UICollectionReusableView+RACSignalSupport.m */ = {isa = PBXFileReference; fileEncoding = 4; lastKnownFileType = sourcecode.c.objc; path = "UICollectionReusableView+RACSignalSupport.m"; sourceTree = "<group>"; };
		8ABFA3DC2615E58A00AF0F57 /* UISwitch+RACSignalSupport.m */ = {isa = PBXFileReference; fileEncoding = 4; lastKnownFileType = sourcecode.c.objc; path = "UISwitch+RACSignalSupport.m"; sourceTree = "<group>"; };
		8ABFA3DD2615E58A00AF0F57 /* UIActionSheet+RACSignalSupport.m */ = {isa = PBXFileReference; fileEncoding = 4; lastKnownFileType = sourcecode.c.objc; path = "UIActionSheet+RACSignalSupport.m"; sourceTree = "<group>"; };
		8ABFA3DE2615E58A00AF0F57 /* UIDatePicker+RACSignalSupport.h */ = {isa = PBXFileReference; fileEncoding = 4; lastKnownFileType = sourcecode.c.h; path = "UIDatePicker+RACSignalSupport.h"; sourceTree = "<group>"; };
		8ABFA3DF2615E58A00AF0F57 /* UIRefreshControl+RACCommandSupport.h */ = {isa = PBXFileReference; fileEncoding = 4; lastKnownFileType = sourcecode.c.h; path = "UIRefreshControl+RACCommandSupport.h"; sourceTree = "<group>"; };
		8ABFA3E02615E58A00AF0F57 /* UIImagePickerController+RACSignalSupport.h */ = {isa = PBXFileReference; fileEncoding = 4; lastKnownFileType = sourcecode.c.h; path = "UIImagePickerController+RACSignalSupport.h"; sourceTree = "<group>"; };
		8ABFA3E12615E58A00AF0F57 /* UISegmentedControl+RACSignalSupport.h */ = {isa = PBXFileReference; fileEncoding = 4; lastKnownFileType = sourcecode.c.h; path = "UISegmentedControl+RACSignalSupport.h"; sourceTree = "<group>"; };
		8ABFA3E22615E58A00AF0F57 /* UIImagePickerController+RACSignalSupport.m */ = {isa = PBXFileReference; fileEncoding = 4; lastKnownFileType = sourcecode.c.objc; path = "UIImagePickerController+RACSignalSupport.m"; sourceTree = "<group>"; };
		8ABFA3E32615E58A00AF0F57 /* UIControl+RACSignalSupport.m */ = {isa = PBXFileReference; fileEncoding = 4; lastKnownFileType = sourcecode.c.objc; path = "UIControl+RACSignalSupport.m"; sourceTree = "<group>"; };
		8ABFA3E42615E58A00AF0F57 /* UISlider+RACSignalSupport.h */ = {isa = PBXFileReference; fileEncoding = 4; lastKnownFileType = sourcecode.c.h; path = "UISlider+RACSignalSupport.h"; sourceTree = "<group>"; };
		8ABFA3E52615E58B00AF0F57 /* UISwitch+RACSignalSupport.h */ = {isa = PBXFileReference; fileEncoding = 4; lastKnownFileType = sourcecode.c.h; path = "UISwitch+RACSignalSupport.h"; sourceTree = "<group>"; };
		8ABFA3E62615E58B00AF0F57 /* UISlider+RACSignalSupport.m */ = {isa = PBXFileReference; fileEncoding = 4; lastKnownFileType = sourcecode.c.objc; path = "UISlider+RACSignalSupport.m"; sourceTree = "<group>"; };
		8ABFA3E72615E58B00AF0F57 /* UITableViewCell+RACSignalSupport.m */ = {isa = PBXFileReference; fileEncoding = 4; lastKnownFileType = sourcecode.c.objc; path = "UITableViewCell+RACSignalSupport.m"; sourceTree = "<group>"; };
		8ABFA3E82615E58B00AF0F57 /* UIBarButtonItem+RACCommandSupport.h */ = {isa = PBXFileReference; fileEncoding = 4; lastKnownFileType = sourcecode.c.h; path = "UIBarButtonItem+RACCommandSupport.h"; sourceTree = "<group>"; };
		8ABFA3E92615E58B00AF0F57 /* UIStepper+RACSignalSupport.m */ = {isa = PBXFileReference; fileEncoding = 4; lastKnownFileType = sourcecode.c.objc; path = "UIStepper+RACSignalSupport.m"; sourceTree = "<group>"; };
		8ABFA3EA2615E58B00AF0F57 /* UIAlertView+RACSignalSupport.h */ = {isa = PBXFileReference; fileEncoding = 4; lastKnownFileType = sourcecode.c.h; path = "UIAlertView+RACSignalSupport.h"; sourceTree = "<group>"; };
		8ABFA3EB2615E58B00AF0F57 /* UIGestureRecognizer+RACSignalSupport.h */ = {isa = PBXFileReference; fileEncoding = 4; lastKnownFileType = sourcecode.c.h; path = "UIGestureRecognizer+RACSignalSupport.h"; sourceTree = "<group>"; };
		8ABFA3EC2615E58B00AF0F57 /* UIDatePicker+RACSignalSupport.m */ = {isa = PBXFileReference; fileEncoding = 4; lastKnownFileType = sourcecode.c.objc; path = "UIDatePicker+RACSignalSupport.m"; sourceTree = "<group>"; };
		8ABFA3ED2615E58B00AF0F57 /* UIStepper+RACSignalSupport.h */ = {isa = PBXFileReference; fileEncoding = 4; lastKnownFileType = sourcecode.c.h; path = "UIStepper+RACSignalSupport.h"; sourceTree = "<group>"; };
		8ABFA3EE2615E58B00AF0F57 /* UITableViewHeaderFooterView+RACSignalSupport.h */ = {isa = PBXFileReference; fileEncoding = 4; lastKnownFileType = sourcecode.c.h; path = "UITableViewHeaderFooterView+RACSignalSupport.h"; sourceTree = "<group>"; };
		8ABFA3EF2615E58B00AF0F57 /* UITextView+RACSignalSupport.h */ = {isa = PBXFileReference; fileEncoding = 4; lastKnownFileType = sourcecode.c.h; path = "UITextView+RACSignalSupport.h"; sourceTree = "<group>"; };
		8ABFA3F02615E58B00AF0F57 /* UIButton+RACCommandSupport.h */ = {isa = PBXFileReference; fileEncoding = 4; lastKnownFileType = sourcecode.c.h; path = "UIButton+RACCommandSupport.h"; sourceTree = "<group>"; };
		8ABFA3F12615E58B00AF0F57 /* UIBarButtonItem+RACCommandSupport.m */ = {isa = PBXFileReference; fileEncoding = 4; lastKnownFileType = sourcecode.c.objc; path = "UIBarButtonItem+RACCommandSupport.m"; sourceTree = "<group>"; };
		8ABFA3F22615E58B00AF0F57 /* UIControl+RACSignalSupportPrivate.h */ = {isa = PBXFileReference; fileEncoding = 4; lastKnownFileType = sourcecode.c.h; path = "UIControl+RACSignalSupportPrivate.h"; sourceTree = "<group>"; };
		8ABFA3F32615E58B00AF0F57 /* UIRefreshControl+RACCommandSupport.m */ = {isa = PBXFileReference; fileEncoding = 4; lastKnownFileType = sourcecode.c.objc; path = "UIRefreshControl+RACCommandSupport.m"; sourceTree = "<group>"; };
		8ABFA3F42615E58B00AF0F57 /* UIButton+RACCommandSupport.m */ = {isa = PBXFileReference; fileEncoding = 4; lastKnownFileType = sourcecode.c.objc; path = "UIButton+RACCommandSupport.m"; sourceTree = "<group>"; };
		8ABFA3F52615E58B00AF0F57 /* UIGestureRecognizer+RACSignalSupport.m */ = {isa = PBXFileReference; fileEncoding = 4; lastKnownFileType = sourcecode.c.objc; path = "UIGestureRecognizer+RACSignalSupport.m"; sourceTree = "<group>"; };
		8ABFA3F62615E58B00AF0F57 /* UITableViewCell+RACSignalSupport.h */ = {isa = PBXFileReference; fileEncoding = 4; lastKnownFileType = sourcecode.c.h; path = "UITableViewCell+RACSignalSupport.h"; sourceTree = "<group>"; };
		8ABFA3F72615E58B00AF0F57 /* UIAlertView+RACSignalSupport.m */ = {isa = PBXFileReference; fileEncoding = 4; lastKnownFileType = sourcecode.c.objc; path = "UIAlertView+RACSignalSupport.m"; sourceTree = "<group>"; };
		8ABFA4302615E60000AF0F57 /* RACObjC.framework */ = {isa = PBXFileReference; explicitFileType = wrapper.framework; path = RACObjC.framework; sourceTree = BUILT_PRODUCTS_DIR; };
		8ABFA4692616254E00AF0F57 /* MKAnnotationView+RACSignalSupport.m */ = {isa = PBXFileReference; fileEncoding = 4; lastKnownFileType = sourcecode.c.objc; path = "MKAnnotationView+RACSignalSupport.m"; sourceTree = "<group>"; };
		8ABFA46A2616254E00AF0F57 /* MKAnnotationView+RACSignalSupport.h */ = {isa = PBXFileReference; fileEncoding = 4; lastKnownFileType = sourcecode.c.h; path = "MKAnnotationView+RACSignalSupport.h"; sourceTree = "<group>"; };
		8ABFA46E2616255900AF0F57 /* NSControl+RACCommandSupport.h */ = {isa = PBXFileReference; fileEncoding = 4; lastKnownFileType = sourcecode.c.h; path = "NSControl+RACCommandSupport.h"; sourceTree = "<group>"; };
		8ABFA46F2616255900AF0F57 /* NSControl+RACTextSignalSupport.m */ = {isa = PBXFileReference; fileEncoding = 4; lastKnownFileType = sourcecode.c.objc; path = "NSControl+RACTextSignalSupport.m"; sourceTree = "<group>"; };
		8ABFA4702616255900AF0F57 /* NSControl+RACTextSignalSupport.h */ = {isa = PBXFileReference; fileEncoding = 4; lastKnownFileType = sourcecode.c.h; path = "NSControl+RACTextSignalSupport.h"; sourceTree = "<group>"; };
		8ABFA4712616255900AF0F57 /* NSControl+RACCommandSupport.m */ = {isa = PBXFileReference; fileEncoding = 4; lastKnownFileType = sourcecode.c.objc; path = "NSControl+RACCommandSupport.m"; sourceTree = "<group>"; };
		8ABFA4772616257100AF0F57 /* NSText+RACSignalSupport.m */ = {isa = PBXFileReference; fileEncoding = 4; lastKnownFileType = sourcecode.c.objc; path = "NSText+RACSignalSupport.m"; sourceTree = "<group>"; };
		8ABFA4782616257100AF0F57 /* NSText+RACSignalSupport.h */ = {isa = PBXFileReference; fileEncoding = 4; lastKnownFileType = sourcecode.c.h; path = "NSText+RACSignalSupport.h"; sourceTree = "<group>"; };
		8ABFA47C2616275000AF0F57 /* NSObject+RACAppKitBindings.m */ = {isa = PBXFileReference; fileEncoding = 4; lastKnownFileType = sourcecode.c.objc; path = "NSObject+RACAppKitBindings.m"; sourceTree = "<group>"; };
		8ABFA47D2616275000AF0F57 /* NSObject+RACAppKitBindings.h */ = {isa = PBXFileReference; fileEncoding = 4; lastKnownFileType = sourcecode.c.h; path = "NSObject+RACAppKitBindings.h"; sourceTree = "<group>"; };
		8ABFA4BF2616298500AF0F57 /* RACObjC.framework */ = {isa = PBXFileReference; explicitFileType = wrapper.framework; path = RACObjC.framework; sourceTree = BUILT_PRODUCTS_DIR; };
		8ABFA5B326162B5300AF0F57 /* RACObjC-UI.framework */ = {isa = PBXFileReference; explicitFileType = wrapper.framework; includeInIndex = 0; path = "RACObjC-UI.framework"; sourceTree = BUILT_PRODUCTS_DIR; };
		8ABFA5C126162BA100AF0F57 /* RACObjC-macos.framework */ = {isa = PBXFileReference; explicitFileType = wrapper.framework; path = "RACObjC-macos.framework"; sourceTree = BUILT_PRODUCTS_DIR; };
		8ABFA5DB2616343000AF0F57 /* RACObjC-macos.framework */ = {isa = PBXFileReference; explicitFileType = wrapper.framework; path = "RACObjC-macos.framework"; sourceTree = BUILT_PRODUCTS_DIR; };
		8ABFA5E9261635CA00AF0F57 /* RACObjC.framework */ = {isa = PBXFileReference; explicitFileType = wrapper.framework; path = RACObjC.framework; sourceTree = BUILT_PRODUCTS_DIR; };
		8ABFA5FC261637E300AF0F57 /* RACObjC-UI-AppKitTests.xctest */ = {isa = PBXFileReference; explicitFileType = wrapper.cfbundle; includeInIndex = 0; path = "RACObjC-UI-AppKitTests.xctest"; sourceTree = BUILT_PRODUCTS_DIR; };
		9D570D895AF900EA2840DB31 /* Pods_RACObjC_UI_iOSTests.framework */ = {isa = PBXFileReference; explicitFileType = wrapper.framework; includeInIndex = 0; path = Pods_RACObjC_UI_iOSTests.framework; sourceTree = BUILT_PRODUCTS_DIR; };
		CE2A7C0A93FFD5AD629C73F3 /* Pods_RACObjC_UI_AppKitTests.framework */ = {isa = PBXFileReference; explicitFileType = wrapper.framework; includeInIndex = 0; path = Pods_RACObjC_UI_AppKitTests.framework; sourceTree = BUILT_PRODUCTS_DIR; };
		D619EA30E2CC9095B79528ED /* Pods-RACObjC-UI-iOSTests.debug.xcconfig */ = {isa = PBXFileReference; includeInIndex = 1; lastKnownFileType = text.xcconfig; name = "Pods-RACObjC-UI-iOSTests.debug.xcconfig"; path = "Target Support Files/Pods-RACObjC-UI-iOSTests/Pods-RACObjC-UI-iOSTests.debug.xcconfig"; sourceTree = "<group>"; };
		F5FF685D742143EAA3B76408 /* Pods-RACObjC-UI-AppKitTests.debug.xcconfig */ = {isa = PBXFileReference; includeInIndex = 1; lastKnownFileType = text.xcconfig; name = "Pods-RACObjC-UI-AppKitTests.debug.xcconfig"; path = "Target Support Files/Pods-RACObjC-UI-AppKitTests/Pods-RACObjC-UI-AppKitTests.debug.xcconfig"; sourceTree = "<group>"; };
/* End PBXFileReference section */

/* Begin PBXFrameworksBuildPhase section */
		8ABFA3B22615E55800AF0F57 /* Frameworks */ = {
			isa = PBXFrameworksBuildPhase;
			buildActionMask = 2147483647;
			files = (
				8ABFA4312615E60000AF0F57 /* RACObjC.framework in Frameworks */,
			);
			runOnlyForDeploymentPostprocessing = 0;
		};
		8ABFA3BB2615E55800AF0F57 /* Frameworks */ = {
			isa = PBXFrameworksBuildPhase;
			buildActionMask = 2147483647;
			files = (
				8A8C663D26173AAF00CE49A4 /* RACObjC-UI.framework in Frameworks */,
				710E30EEC164F8D288463F47 /* Pods_RACObjC_UI_iOSTests.framework in Frameworks */,
			);
			runOnlyForDeploymentPostprocessing = 0;
		};
		8ABFA5AB26162B5300AF0F57 /* Frameworks */ = {
			isa = PBXFrameworksBuildPhase;
			buildActionMask = 2147483647;
			files = (
				8ABFA5EA261635CA00AF0F57 /* RACObjC.framework in Frameworks */,
			);
			runOnlyForDeploymentPostprocessing = 0;
		};
		8ABFA5F6261637E300AF0F57 /* Frameworks */ = {
			isa = PBXFrameworksBuildPhase;
			buildActionMask = 2147483647;
			files = (
				8A7C230426176CDD003A38A0 /* RACObjC-UI.framework in Frameworks */,
				462F2F256BECDE9C2828E445 /* Pods_RACObjC_UI_AppKitTests.framework in Frameworks */,
			);
			runOnlyForDeploymentPostprocessing = 0;
		};
/* End PBXFrameworksBuildPhase section */

/* Begin PBXGroup section */
		8ABFA3AB2615E55800AF0F57 = {
			isa = PBXGroup;
			children = (
				8ABFA3B72615E55800AF0F57 /* RACObjC-UI */,
				8ABFA3C22615E55800AF0F57 /* RACObjC-UITests */,
				8ABFA3B62615E55800AF0F57 /* Products */,
				8ABFA42F2615E60000AF0F57 /* Frameworks */,
				E3E4425363F926B70CD7ABE4 /* Pods */,
			);
			sourceTree = "<group>";
		};
		8ABFA3B62615E55800AF0F57 /* Products */ = {
			isa = PBXGroup;
			children = (
				8ABFA3B52615E55800AF0F57 /* RACObjC-UI.framework */,
				8ABFA3BE2615E55800AF0F57 /* RACObjC-UI-iOSTests.xctest */,
				8ABFA5B326162B5300AF0F57 /* RACObjC-UI.framework */,
				8ABFA5FC261637E300AF0F57 /* RACObjC-UI-AppKitTests.xctest */,
			);
			name = Products;
			sourceTree = "<group>";
		};
		8ABFA3B72615E55800AF0F57 /* RACObjC-UI */ = {
			isa = PBXGroup;
			children = (
				8ABFA3D12615E57900AF0F57 /* Classes */,
				8ABFA3B82615E55800AF0F57 /* RACObjCUI.h */,
				8A402A852AF230FC00043C83 /* RACObjC-UI.modulemap */,
				8ABFA3B92615E55800AF0F57 /* Info.plist */,
			);
			path = "RACObjC-UI";
			sourceTree = "<group>";
		};
		8ABFA3C22615E55800AF0F57 /* RACObjC-UITests */ = {
			isa = PBXGroup;
			children = (
				8A4797D4261645170083A004 /* RACTestUIButton.h */,
				8A4797D5261645170083A004 /* RACTestUIButton.m */,
				8A4797CE261644870083A004 /* RACControlCommandExamples.h */,
				8A4797CD261644870083A004 /* RACControlCommandExamples.m */,
				8A479791261643890083A004 /* NSObjectRACAppKitBindingsSpec.m */,
				8A47976426163DB10083A004 /* NSControllerRACSupportSpec.m */,
				8A47974C26163D230083A004 /* UIActionSheetRACSupportSpec.m */,
				8A47974926163D230083A004 /* UIAlertViewRACSupportSpec.m */,
				8A47974A26163D230083A004 /* UIBarButtonItemRACSupportSpec.m */,
				8A47974D26163D230083A004 /* UIButtonRACSupportSpec.m */,
				8A47974B26163D230083A004 /* UIImagePickerControllerRACSupportSpec.m */,
				8ABFA3C52615E55800AF0F57 /* Info.plist */,
			);
			path = "RACObjC-UITests";
			sourceTree = "<group>";
		};
		8ABFA3D12615E57900AF0F57 /* Classes */ = {
			isa = PBXGroup;
			children = (
				8ABFA57B26162B2500AF0F57 /* AppKit */,
				8ABFA4812616279100AF0F57 /* UIKit */,
			);
			path = Classes;
			sourceTree = "<group>";
		};
		8ABFA42F2615E60000AF0F57 /* Frameworks */ = {
			isa = PBXGroup;
			children = (
				8ABFA5E9261635CA00AF0F57 /* RACObjC.framework */,
				8ABFA5DB2616343000AF0F57 /* RACObjC-macos.framework */,
				8ABFA5C126162BA100AF0F57 /* RACObjC-macos.framework */,
				8ABFA4BF2616298500AF0F57 /* RACObjC.framework */,
				8ABFA4302615E60000AF0F57 /* RACObjC.framework */,
				9D570D895AF900EA2840DB31 /* Pods_RACObjC_UI_iOSTests.framework */,
				CE2A7C0A93FFD5AD629C73F3 /* Pods_RACObjC_UI_AppKitTests.framework */,
			);
			name = Frameworks;
			sourceTree = "<group>";
		};
		8ABFA4812616279100AF0F57 /* UIKit */ = {
			isa = PBXGroup;
			children = (
				8ABFA46A2616254E00AF0F57 /* MKAnnotationView+RACSignalSupport.h */,
				8ABFA4692616254E00AF0F57 /* MKAnnotationView+RACSignalSupport.m */,
				8ABFA3D22615E58A00AF0F57 /* UIActionSheet+RACSignalSupport.h */,
				8ABFA3DD2615E58A00AF0F57 /* UIActionSheet+RACSignalSupport.m */,
				8ABFA3EA2615E58B00AF0F57 /* UIAlertView+RACSignalSupport.h */,
				8ABFA3F72615E58B00AF0F57 /* UIAlertView+RACSignalSupport.m */,
				8ABFA3E82615E58B00AF0F57 /* UIBarButtonItem+RACCommandSupport.h */,
				8ABFA3F12615E58B00AF0F57 /* UIBarButtonItem+RACCommandSupport.m */,
				8ABFA3F02615E58B00AF0F57 /* UIButton+RACCommandSupport.h */,
				8ABFA3F42615E58B00AF0F57 /* UIButton+RACCommandSupport.m */,
				8ABFA3D42615E58A00AF0F57 /* UICollectionReusableView+RACSignalSupport.h */,
				8ABFA3DB2615E58A00AF0F57 /* UICollectionReusableView+RACSignalSupport.m */,
				8ABFA3DA2615E58A00AF0F57 /* UIControl+RACSignalSupport.h */,
				8ABFA3E32615E58A00AF0F57 /* UIControl+RACSignalSupport.m */,
				8ABFA3F22615E58B00AF0F57 /* UIControl+RACSignalSupportPrivate.h */,
				8ABFA3D32615E58A00AF0F57 /* UIControl+RACSignalSupportPrivate.m */,
				8ABFA3DE2615E58A00AF0F57 /* UIDatePicker+RACSignalSupport.h */,
				8ABFA3EC2615E58B00AF0F57 /* UIDatePicker+RACSignalSupport.m */,
				8ABFA3EB2615E58B00AF0F57 /* UIGestureRecognizer+RACSignalSupport.h */,
				8ABFA3F52615E58B00AF0F57 /* UIGestureRecognizer+RACSignalSupport.m */,
				8ABFA3E02615E58A00AF0F57 /* UIImagePickerController+RACSignalSupport.h */,
				8ABFA3E22615E58A00AF0F57 /* UIImagePickerController+RACSignalSupport.m */,
				8ABFA3DF2615E58A00AF0F57 /* UIRefreshControl+RACCommandSupport.h */,
				8ABFA3F32615E58B00AF0F57 /* UIRefreshControl+RACCommandSupport.m */,
				8ABFA3E12615E58A00AF0F57 /* UISegmentedControl+RACSignalSupport.h */,
				8ABFA3D52615E58A00AF0F57 /* UISegmentedControl+RACSignalSupport.m */,
				8ABFA3E42615E58A00AF0F57 /* UISlider+RACSignalSupport.h */,
				8ABFA3E62615E58B00AF0F57 /* UISlider+RACSignalSupport.m */,
				8ABFA3ED2615E58B00AF0F57 /* UIStepper+RACSignalSupport.h */,
				8ABFA3E92615E58B00AF0F57 /* UIStepper+RACSignalSupport.m */,
				8ABFA3E52615E58B00AF0F57 /* UISwitch+RACSignalSupport.h */,
				8ABFA3DC2615E58A00AF0F57 /* UISwitch+RACSignalSupport.m */,
				8ABFA3F62615E58B00AF0F57 /* UITableViewCell+RACSignalSupport.h */,
				8ABFA3E72615E58B00AF0F57 /* UITableViewCell+RACSignalSupport.m */,
				8ABFA3EE2615E58B00AF0F57 /* UITableViewHeaderFooterView+RACSignalSupport.h */,
				8ABFA3D82615E58A00AF0F57 /* UITableViewHeaderFooterView+RACSignalSupport.m */,
				8ABFA3D62615E58A00AF0F57 /* UITextField+RACSignalSupport.h */,
				8ABFA3D72615E58A00AF0F57 /* UITextField+RACSignalSupport.m */,
				8ABFA3EF2615E58B00AF0F57 /* UITextView+RACSignalSupport.h */,
				8ABFA3D92615E58A00AF0F57 /* UITextView+RACSignalSupport.m */,
			);
			path = UIKit;
			sourceTree = "<group>";
		};
		8ABFA57B26162B2500AF0F57 /* AppKit */ = {
			isa = PBXGroup;
			children = (
				8ABFA46E2616255900AF0F57 /* NSControl+RACCommandSupport.h */,
				8ABFA4712616255900AF0F57 /* NSControl+RACCommandSupport.m */,
				8ABFA4702616255900AF0F57 /* NSControl+RACTextSignalSupport.h */,
				8ABFA46F2616255900AF0F57 /* NSControl+RACTextSignalSupport.m */,
				8ABFA4782616257100AF0F57 /* NSText+RACSignalSupport.h */,
				8ABFA4772616257100AF0F57 /* NSText+RACSignalSupport.m */,
				8ABFA47D2616275000AF0F57 /* NSObject+RACAppKitBindings.h */,
				8ABFA47C2616275000AF0F57 /* NSObject+RACAppKitBindings.m */,
			);
			path = AppKit;
			sourceTree = "<group>";
		};
		E3E4425363F926B70CD7ABE4 /* Pods */ = {
			isa = PBXGroup;
			children = (
				D619EA30E2CC9095B79528ED /* Pods-RACObjC-UI-iOSTests.debug.xcconfig */,
				36606D33C04BF8C91FD0A89A /* Pods-RACObjC-UI-iOSTests.release.xcconfig */,
				F5FF685D742143EAA3B76408 /* Pods-RACObjC-UI-AppKitTests.debug.xcconfig */,
				24BE01D945943E02106C3995 /* Pods-RACObjC-UI-AppKitTests.release.xcconfig */,
			);
			name = Pods;
			path = ../Pods;
			sourceTree = "<group>";
		};
/* End PBXGroup section */

/* Begin PBXHeadersBuildPhase section */
		8ABFA3B02615E55800AF0F57 /* Headers */ = {
			isa = PBXHeadersBuildPhase;
			buildActionMask = 2147483647;
			files = (
				8ABFA4072615E58C00AF0F57 /* UISegmentedControl+RACSignalSupport.h in Headers */,
				8ABFA41C2615E58C00AF0F57 /* UITableViewCell+RACSignalSupport.h in Headers */,
				8ABFA3F82615E58B00AF0F57 /* UIActionSheet+RACSignalSupport.h in Headers */,
				8ABFA4132615E58C00AF0F57 /* UIStepper+RACSignalSupport.h in Headers */,
				8ABFA40A2615E58C00AF0F57 /* UISlider+RACSignalSupport.h in Headers */,
				8ABFA4142615E58C00AF0F57 /* UITableViewHeaderFooterView+RACSignalSupport.h in Headers */,
				8ABFA3FA2615E58C00AF0F57 /* UICollectionReusableView+RACSignalSupport.h in Headers */,
				8ABFA4152615E58C00AF0F57 /* UITextView+RACSignalSupport.h in Headers */,
				8ABFA4002615E58C00AF0F57 /* UIControl+RACSignalSupport.h in Headers */,
				8ABFA4112615E58C00AF0F57 /* UIGestureRecognizer+RACSignalSupport.h in Headers */,
				8ABFA4182615E58C00AF0F57 /* UIControl+RACSignalSupportPrivate.h in Headers */,
				8ABFA46C2616254E00AF0F57 /* MKAnnotationView+RACSignalSupport.h in Headers */,
				8ABFA4162615E58C00AF0F57 /* UIButton+RACCommandSupport.h in Headers */,
				8ABFA4042615E58C00AF0F57 /* UIDatePicker+RACSignalSupport.h in Headers */,
				8ABFA4102615E58C00AF0F57 /* UIAlertView+RACSignalSupport.h in Headers */,
				8ABFA3C62615E55800AF0F57 /* RACObjCUI.h in Headers */,
				8ABFA4052615E58C00AF0F57 /* UIRefreshControl+RACCommandSupport.h in Headers */,
				8ABFA40E2615E58C00AF0F57 /* UIBarButtonItem+RACCommandSupport.h in Headers */,
				8ABFA3FC2615E58C00AF0F57 /* UITextField+RACSignalSupport.h in Headers */,
				8ABFA4062615E58C00AF0F57 /* UIImagePickerController+RACSignalSupport.h in Headers */,
				8ABFA40B2615E58C00AF0F57 /* UISwitch+RACSignalSupport.h in Headers */,
			);
			runOnlyForDeploymentPostprocessing = 0;
		};
		8ABFA58026162B5300AF0F57 /* Headers */ = {
			isa = PBXHeadersBuildPhase;
			buildActionMask = 2147483647;
			files = (
				8ABFA5B726162B8B00AF0F57 /* NSControl+RACTextSignalSupport.h in Headers */,
				8ABFA5BC26162B8B00AF0F57 /* NSText+RACSignalSupport.h in Headers */,
				8ABFA5B826162B8B00AF0F57 /* NSControl+RACCommandSupport.h in Headers */,
				8ABFA5BD26162B8B00AF0F57 /* NSObject+RACAppKitBindings.h in Headers */,
				8ABFA59026162B5300AF0F57 /* RACObjCUI.h in Headers */,
			);
			runOnlyForDeploymentPostprocessing = 0;
		};
/* End PBXHeadersBuildPhase section */

/* Begin PBXNativeTarget section */
		8ABFA3B42615E55800AF0F57 /* RACObjC-UI-iOS */ = {
			isa = PBXNativeTarget;
			buildConfigurationList = 8ABFA3C92615E55800AF0F57 /* Build configuration list for PBXNativeTarget "RACObjC-UI-iOS" */;
			buildPhases = (
				8ABFA3B02615E55800AF0F57 /* Headers */,
				8ABFA3B12615E55800AF0F57 /* Sources */,
				8ABFA3B22615E55800AF0F57 /* Frameworks */,
				8ABFA3B32615E55800AF0F57 /* Resources */,
				8ABFA4332615E60000AF0F57 /* Embed Frameworks */,
			);
			buildRules = (
			);
			dependencies = (
			);
			name = "RACObjC-UI-iOS";
			productName = "RACObjC-UIKit";
			productReference = 8ABFA3B52615E55800AF0F57 /* RACObjC-UI.framework */;
			productType = "com.apple.product-type.framework";
		};
		8ABFA3BD2615E55800AF0F57 /* RACObjC-UI-iOSTests */ = {
			isa = PBXNativeTarget;
			buildConfigurationList = 8ABFA3CC2615E55800AF0F57 /* Build configuration list for PBXNativeTarget "RACObjC-UI-iOSTests" */;
			buildPhases = (
				4A9EF2C4E7252E829EE9353F /* [CP] Check Pods Manifest.lock */,
				8ABFA3BA2615E55800AF0F57 /* Sources */,
				8ABFA3BB2615E55800AF0F57 /* Frameworks */,
				8ABFA3BC2615E55800AF0F57 /* Resources */,
				C43570282881A07469F64917 /* [CP] Embed Pods Frameworks */,
			);
			buildRules = (
			);
			dependencies = (
				8A8C663C26173AA900CE49A4 /* PBXTargetDependency */,
			);
			name = "RACObjC-UI-iOSTests";
			productName = "RACObjC-UIKitTests";
			productReference = 8ABFA3BE2615E55800AF0F57 /* RACObjC-UI-iOSTests.xctest */;
			productType = "com.apple.product-type.bundle.unit-test";
		};
		8ABFA57F26162B5300AF0F57 /* RACObjC-UI-AppKit */ = {
			isa = PBXNativeTarget;
			buildConfigurationList = 8ABFA5B026162B5300AF0F57 /* Build configuration list for PBXNativeTarget "RACObjC-UI-AppKit" */;
			buildPhases = (
				8ABFA58026162B5300AF0F57 /* Headers */,
				8ABFA59626162B5300AF0F57 /* Sources */,
				8ABFA5AB26162B5300AF0F57 /* Frameworks */,
				8ABFA5AD26162B5300AF0F57 /* Resources */,
				8ABFA5EC261635CA00AF0F57 /* Embed Frameworks */,
			);
			buildRules = (
			);
			dependencies = (
			);
			name = "RACObjC-UI-AppKit";
			productName = "RACObjC-UIKit";
			productReference = 8ABFA5B326162B5300AF0F57 /* RACObjC-UI.framework */;
			productType = "com.apple.product-type.framework";
		};
		8ABFA5F1261637E300AF0F57 /* RACObjC-UI-AppKitTests */ = {
			isa = PBXNativeTarget;
			buildConfigurationList = 8ABFA5F9261637E300AF0F57 /* Build configuration list for PBXNativeTarget "RACObjC-UI-AppKitTests" */;
			buildPhases = (
				E649B2DEE92B554039E62788 /* [CP] Check Pods Manifest.lock */,
				8ABFA5F4261637E300AF0F57 /* Sources */,
				8ABFA5F6261637E300AF0F57 /* Frameworks */,
				8ABFA5F8261637E300AF0F57 /* Resources */,
				A2D41B32C01EB10DF248DC1C /* [CP] Embed Pods Frameworks */,
			);
			buildRules = (
			);
			dependencies = (
				8A7C230326176CD6003A38A0 /* PBXTargetDependency */,
			);
			name = "RACObjC-UI-AppKitTests";
			productName = "RACObjC-UIKitTests";
			productReference = 8ABFA5FC261637E300AF0F57 /* RACObjC-UI-AppKitTests.xctest */;
			productType = "com.apple.product-type.bundle.unit-test";
		};
/* End PBXNativeTarget section */

/* Begin PBXProject section */
		8ABFA3AC2615E55800AF0F57 /* Project object */ = {
			isa = PBXProject;
			attributes = {
				LastUpgradeCheck = 1240;
				TargetAttributes = {
					8ABFA3B42615E55800AF0F57 = {
						CreatedOnToolsVersion = 12.4;
					};
					8ABFA3BD2615E55800AF0F57 = {
						CreatedOnToolsVersion = 12.4;
						LastSwiftMigration = 1240;
					};
				};
			};
			buildConfigurationList = 8ABFA3AF2615E55800AF0F57 /* Build configuration list for PBXProject "RACObjC-UI" */;
			compatibilityVersion = "Xcode 9.3";
			developmentRegion = en;
			hasScannedForEncodings = 0;
			knownRegions = (
				en,
				Base,
			);
			mainGroup = 8ABFA3AB2615E55800AF0F57;
			productRefGroup = 8ABFA3B62615E55800AF0F57 /* Products */;
			projectDirPath = "";
			projectRoot = "";
			targets = (
				8ABFA3B42615E55800AF0F57 /* RACObjC-UI-iOS */,
				8ABFA3BD2615E55800AF0F57 /* RACObjC-UI-iOSTests */,
				8ABFA57F26162B5300AF0F57 /* RACObjC-UI-AppKit */,
				8ABFA5F1261637E300AF0F57 /* RACObjC-UI-AppKitTests */,
			);
		};
/* End PBXProject section */

/* Begin PBXResourcesBuildPhase section */
		8ABFA3B32615E55800AF0F57 /* Resources */ = {
			isa = PBXResourcesBuildPhase;
			buildActionMask = 2147483647;
			files = (
			);
			runOnlyForDeploymentPostprocessing = 0;
		};
		8ABFA3BC2615E55800AF0F57 /* Resources */ = {
			isa = PBXResourcesBuildPhase;
			buildActionMask = 2147483647;
			files = (
			);
			runOnlyForDeploymentPostprocessing = 0;
		};
		8ABFA5AD26162B5300AF0F57 /* Resources */ = {
			isa = PBXResourcesBuildPhase;
			buildActionMask = 2147483647;
			files = (
			);
			runOnlyForDeploymentPostprocessing = 0;
		};
		8ABFA5F8261637E300AF0F57 /* Resources */ = {
			isa = PBXResourcesBuildPhase;
			buildActionMask = 2147483647;
			files = (
			);
			runOnlyForDeploymentPostprocessing = 0;
		};
/* End PBXResourcesBuildPhase section */

/* Begin PBXShellScriptBuildPhase section */
		4A9EF2C4E7252E829EE9353F /* [CP] Check Pods Manifest.lock */ = {
			isa = PBXShellScriptBuildPhase;
			buildActionMask = 2147483647;
			files = (
			);
			inputFileListPaths = (
			);
			inputPaths = (
				"${PODS_PODFILE_DIR_PATH}/Podfile.lock",
				"${PODS_ROOT}/Manifest.lock",
			);
			name = "[CP] Check Pods Manifest.lock";
			outputFileListPaths = (
			);
			outputPaths = (
				"$(DERIVED_FILE_DIR)/Pods-RACObjC-UI-iOSTests-checkManifestLockResult.txt",
			);
			runOnlyForDeploymentPostprocessing = 0;
			shellPath = /bin/sh;
			shellScript = "diff \"${PODS_PODFILE_DIR_PATH}/Podfile.lock\" \"${PODS_ROOT}/Manifest.lock\" > /dev/null\nif [ $? != 0 ] ; then\n    # print error to STDERR\n    echo \"error: The sandbox is not in sync with the Podfile.lock. Run 'pod install' or update your CocoaPods installation.\" >&2\n    exit 1\nfi\n# This output is used by Xcode 'outputs' to avoid re-running this script phase.\necho \"SUCCESS\" > \"${SCRIPT_OUTPUT_FILE_0}\"\n";
			showEnvVarsInLog = 0;
		};
		A2D41B32C01EB10DF248DC1C /* [CP] Embed Pods Frameworks */ = {
			isa = PBXShellScriptBuildPhase;
			buildActionMask = 2147483647;
			files = (
			);
			inputFileListPaths = (
				"${PODS_ROOT}/Target Support Files/Pods-RACObjC-UI-AppKitTests/Pods-RACObjC-UI-AppKitTests-frameworks-${CONFIGURATION}-input-files.xcfilelist",
			);
			name = "[CP] Embed Pods Frameworks";
			outputFileListPaths = (
				"${PODS_ROOT}/Target Support Files/Pods-RACObjC-UI-AppKitTests/Pods-RACObjC-UI-AppKitTests-frameworks-${CONFIGURATION}-output-files.xcfilelist",
			);
			runOnlyForDeploymentPostprocessing = 0;
			shellPath = /bin/sh;
			shellScript = "\"${PODS_ROOT}/Target Support Files/Pods-RACObjC-UI-AppKitTests/Pods-RACObjC-UI-AppKitTests-frameworks.sh\"\n";
			showEnvVarsInLog = 0;
		};
		C43570282881A07469F64917 /* [CP] Embed Pods Frameworks */ = {
			isa = PBXShellScriptBuildPhase;
			buildActionMask = 2147483647;
			files = (
			);
			inputFileListPaths = (
				"${PODS_ROOT}/Target Support Files/Pods-RACObjC-UI-iOSTests/Pods-RACObjC-UI-iOSTests-frameworks-${CONFIGURATION}-input-files.xcfilelist",
			);
			name = "[CP] Embed Pods Frameworks";
			outputFileListPaths = (
				"${PODS_ROOT}/Target Support Files/Pods-RACObjC-UI-iOSTests/Pods-RACObjC-UI-iOSTests-frameworks-${CONFIGURATION}-output-files.xcfilelist",
			);
			runOnlyForDeploymentPostprocessing = 0;
			shellPath = /bin/sh;
			shellScript = "\"${PODS_ROOT}/Target Support Files/Pods-RACObjC-UI-iOSTests/Pods-RACObjC-UI-iOSTests-frameworks.sh\"\n";
			showEnvVarsInLog = 0;
		};
		E649B2DEE92B554039E62788 /* [CP] Check Pods Manifest.lock */ = {
			isa = PBXShellScriptBuildPhase;
			buildActionMask = 2147483647;
			files = (
			);
			inputFileListPaths = (
			);
			inputPaths = (
				"${PODS_PODFILE_DIR_PATH}/Podfile.lock",
				"${PODS_ROOT}/Manifest.lock",
			);
			name = "[CP] Check Pods Manifest.lock";
			outputFileListPaths = (
			);
			outputPaths = (
				"$(DERIVED_FILE_DIR)/Pods-RACObjC-UI-AppKitTests-checkManifestLockResult.txt",
			);
			runOnlyForDeploymentPostprocessing = 0;
			shellPath = /bin/sh;
			shellScript = "diff \"${PODS_PODFILE_DIR_PATH}/Podfile.lock\" \"${PODS_ROOT}/Manifest.lock\" > /dev/null\nif [ $? != 0 ] ; then\n    # print error to STDERR\n    echo \"error: The sandbox is not in sync with the Podfile.lock. Run 'pod install' or update your CocoaPods installation.\" >&2\n    exit 1\nfi\n# This output is used by Xcode 'outputs' to avoid re-running this script phase.\necho \"SUCCESS\" > \"${SCRIPT_OUTPUT_FILE_0}\"\n";
			showEnvVarsInLog = 0;
		};
/* End PBXShellScriptBuildPhase section */

/* Begin PBXSourcesBuildPhase section */
		8ABFA3B12615E55800AF0F57 /* Sources */ = {
			isa = PBXSourcesBuildPhase;
			buildActionMask = 2147483647;
			files = (
				8ABFA40C2615E58C00AF0F57 /* UISlider+RACSignalSupport.m in Sources */,
				8ABFA40F2615E58C00AF0F57 /* UIStepper+RACSignalSupport.m in Sources */,
				8ABFA4032615E58C00AF0F57 /* UIActionSheet+RACSignalSupport.m in Sources */,
				8ABFA41D2615E58C00AF0F57 /* UIAlertView+RACSignalSupport.m in Sources */,
				8ABFA40D2615E58C00AF0F57 /* UITableViewCell+RACSignalSupport.m in Sources */,
				8ABFA3F92615E58C00AF0F57 /* UIControl+RACSignalSupportPrivate.m in Sources */,
				8ABFA4092615E58C00AF0F57 /* UIControl+RACSignalSupport.m in Sources */,
				8ABFA41B2615E58C00AF0F57 /* UIGestureRecognizer+RACSignalSupport.m in Sources */,
				8ABFA3FF2615E58C00AF0F57 /* UITextView+RACSignalSupport.m in Sources */,
				8ABFA4022615E58C00AF0F57 /* UISwitch+RACSignalSupport.m in Sources */,
				8ABFA3FE2615E58C00AF0F57 /* UITableViewHeaderFooterView+RACSignalSupport.m in Sources */,
				8ABFA3FB2615E58C00AF0F57 /* UISegmentedControl+RACSignalSupport.m in Sources */,
				8ABFA4192615E58C00AF0F57 /* UIRefreshControl+RACCommandSupport.m in Sources */,
				8ABFA4122615E58C00AF0F57 /* UIDatePicker+RACSignalSupport.m in Sources */,
				8ABFA4012615E58C00AF0F57 /* UICollectionReusableView+RACSignalSupport.m in Sources */,
				8ABFA41A2615E58C00AF0F57 /* UIButton+RACCommandSupport.m in Sources */,
				8ABFA46B2616254E00AF0F57 /* MKAnnotationView+RACSignalSupport.m in Sources */,
				8ABFA3FD2615E58C00AF0F57 /* UITextField+RACSignalSupport.m in Sources */,
				8ABFA4082615E58C00AF0F57 /* UIImagePickerController+RACSignalSupport.m in Sources */,
				8ABFA4172615E58C00AF0F57 /* UIBarButtonItem+RACCommandSupport.m in Sources */,
			);
			runOnlyForDeploymentPostprocessing = 0;
		};
		8ABFA3BA2615E55800AF0F57 /* Sources */ = {
			isa = PBXSourcesBuildPhase;
			buildActionMask = 2147483647;
			files = (
				8A4797A9261643A00083A004 /* UIBarButtonItemRACSupportSpec.m in Sources */,
				8A4797A7261643A00083A004 /* UIAlertViewRACSupportSpec.m in Sources */,
				8A4797AA261643A00083A004 /* UIImagePickerControllerRACSupportSpec.m in Sources */,
				8A4797D6261645180083A004 /* RACTestUIButton.m in Sources */,
				8A4797A6261643A00083A004 /* UIButtonRACSupportSpec.m in Sources */,
				8A4797A8261643A00083A004 /* UIActionSheetRACSupportSpec.m in Sources */,
				8A4797CF261644870083A004 /* RACControlCommandExamples.m in Sources */,
			);
			runOnlyForDeploymentPostprocessing = 0;
		};
		8ABFA59626162B5300AF0F57 /* Sources */ = {
			isa = PBXSourcesBuildPhase;
			buildActionMask = 2147483647;
			files = (
				8ABFA5BE26162B8B00AF0F57 /* NSControl+RACTextSignalSupport.m in Sources */,
				8ABFA5B926162B8B00AF0F57 /* NSText+RACSignalSupport.m in Sources */,
				8ABFA5BB26162B8B00AF0F57 /* NSControl+RACCommandSupport.m in Sources */,
				8ABFA5BA26162B8B00AF0F57 /* NSObject+RACAppKitBindings.m in Sources */,
			);
			runOnlyForDeploymentPostprocessing = 0;
		};
		8ABFA5F4261637E300AF0F57 /* Sources */ = {
			isa = PBXSourcesBuildPhase;
			buildActionMask = 2147483647;
			files = (
			);
			runOnlyForDeploymentPostprocessing = 0;
		};
/* End PBXSourcesBuildPhase section */

/* Begin PBXTargetDependency section */
		8A7C230326176CD6003A38A0 /* PBXTargetDependency */ = {
			isa = PBXTargetDependency;
			target = 8ABFA57F26162B5300AF0F57 /* RACObjC-UI-AppKit */;
			targetProxy = 8A7C230226176CD6003A38A0 /* PBXContainerItemProxy */;
		};
		8A8C663C26173AA900CE49A4 /* PBXTargetDependency */ = {
			isa = PBXTargetDependency;
			target = 8ABFA3B42615E55800AF0F57 /* RACObjC-UI-iOS */;
			targetProxy = 8A8C663B26173AA900CE49A4 /* PBXContainerItemProxy */;
		};
/* End PBXTargetDependency section */

/* Begin XCBuildConfiguration section */
		8ABFA3C72615E55800AF0F57 /* Debug */ = {
			isa = XCBuildConfiguration;
			buildSettings = {
				ALWAYS_SEARCH_USER_PATHS = NO;
				CLANG_ANALYZER_NONNULL = YES;
				CLANG_ANALYZER_NUMBER_OBJECT_CONVERSION = YES_AGGRESSIVE;
				CLANG_CXX_LANGUAGE_STANDARD = "gnu++14";
				CLANG_CXX_LIBRARY = "libc++";
				CLANG_ENABLE_MODULES = YES;
				CLANG_ENABLE_OBJC_ARC = YES;
				CLANG_ENABLE_OBJC_WEAK = YES;
				CLANG_WARN_BLOCK_CAPTURE_AUTORELEASING = YES;
				CLANG_WARN_BOOL_CONVERSION = YES;
				CLANG_WARN_COMMA = YES;
				CLANG_WARN_CONSTANT_CONVERSION = YES;
				CLANG_WARN_DEPRECATED_OBJC_IMPLEMENTATIONS = YES;
				CLANG_WARN_DIRECT_OBJC_ISA_USAGE = YES_ERROR;
				CLANG_WARN_DOCUMENTATION_COMMENTS = YES;
				CLANG_WARN_EMPTY_BODY = YES;
				CLANG_WARN_ENUM_CONVERSION = YES;
				CLANG_WARN_INFINITE_RECURSION = YES;
				CLANG_WARN_INT_CONVERSION = YES;
				CLANG_WARN_NON_LITERAL_NULL_CONVERSION = YES;
				CLANG_WARN_OBJC_IMPLICIT_RETAIN_SELF = YES;
				CLANG_WARN_OBJC_LITERAL_CONVERSION = YES;
				CLANG_WARN_OBJC_ROOT_CLASS = YES_ERROR;
				CLANG_WARN_QUOTED_INCLUDE_IN_FRAMEWORK_HEADER = YES;
				CLANG_WARN_RANGE_LOOP_ANALYSIS = YES;
				CLANG_WARN_STRICT_PROTOTYPES = YES;
				CLANG_WARN_SUSPICIOUS_MOVE = YES;
				CLANG_WARN_UNGUARDED_AVAILABILITY = YES_AGGRESSIVE;
				CLANG_WARN_UNREACHABLE_CODE = YES;
				CLANG_WARN__DUPLICATE_METHOD_MATCH = YES;
				COPY_PHASE_STRIP = NO;
				CURRENT_PROJECT_VERSION = 1;
				DEBUG_INFORMATION_FORMAT = dwarf;
				ENABLE_STRICT_OBJC_MSGSEND = YES;
				ENABLE_TESTABILITY = YES;
				GCC_C_LANGUAGE_STANDARD = gnu11;
				GCC_DYNAMIC_NO_PIC = NO;
				GCC_NO_COMMON_BLOCKS = YES;
				GCC_OPTIMIZATION_LEVEL = 0;
				GCC_PREPROCESSOR_DEFINITIONS = (
					"DEBUG=1",
					"$(inherited)",
				);
				GCC_WARN_64_TO_32_BIT_CONVERSION = YES;
				GCC_WARN_ABOUT_RETURN_TYPE = YES_ERROR;
				GCC_WARN_UNDECLARED_SELECTOR = YES;
				GCC_WARN_UNINITIALIZED_AUTOS = YES_AGGRESSIVE;
				GCC_WARN_UNUSED_FUNCTION = YES;
				GCC_WARN_UNUSED_VARIABLE = YES;
				IPHONEOS_DEPLOYMENT_TARGET = 12.0;
				MACOSX_DEPLOYMENT_TARGET = 10.15;
				MTL_ENABLE_DEBUG_INFO = INCLUDE_SOURCE;
				MTL_FAST_MATH = YES;
				ONLY_ACTIVE_ARCH = YES;
				SDKROOT = iphoneos;
				TVOS_DEPLOYMENT_TARGET = 9.0;
				VERSIONING_SYSTEM = "apple-generic";
				VERSION_INFO_PREFIX = "";
				WATCHOS_DEPLOYMENT_TARGET = 2.0;
			};
			name = Debug;
		};
		8ABFA3C82615E55800AF0F57 /* Release */ = {
			isa = XCBuildConfiguration;
			buildSettings = {
				ALWAYS_SEARCH_USER_PATHS = NO;
				CLANG_ANALYZER_NONNULL = YES;
				CLANG_ANALYZER_NUMBER_OBJECT_CONVERSION = YES_AGGRESSIVE;
				CLANG_CXX_LANGUAGE_STANDARD = "gnu++14";
				CLANG_CXX_LIBRARY = "libc++";
				CLANG_ENABLE_MODULES = YES;
				CLANG_ENABLE_OBJC_ARC = YES;
				CLANG_ENABLE_OBJC_WEAK = YES;
				CLANG_WARN_BLOCK_CAPTURE_AUTORELEASING = YES;
				CLANG_WARN_BOOL_CONVERSION = YES;
				CLANG_WARN_COMMA = YES;
				CLANG_WARN_CONSTANT_CONVERSION = YES;
				CLANG_WARN_DEPRECATED_OBJC_IMPLEMENTATIONS = YES;
				CLANG_WARN_DIRECT_OBJC_ISA_USAGE = YES_ERROR;
				CLANG_WARN_DOCUMENTATION_COMMENTS = YES;
				CLANG_WARN_EMPTY_BODY = YES;
				CLANG_WARN_ENUM_CONVERSION = YES;
				CLANG_WARN_INFINITE_RECURSION = YES;
				CLANG_WARN_INT_CONVERSION = YES;
				CLANG_WARN_NON_LITERAL_NULL_CONVERSION = YES;
				CLANG_WARN_OBJC_IMPLICIT_RETAIN_SELF = YES;
				CLANG_WARN_OBJC_LITERAL_CONVERSION = YES;
				CLANG_WARN_OBJC_ROOT_CLASS = YES_ERROR;
				CLANG_WARN_QUOTED_INCLUDE_IN_FRAMEWORK_HEADER = YES;
				CLANG_WARN_RANGE_LOOP_ANALYSIS = YES;
				CLANG_WARN_STRICT_PROTOTYPES = YES;
				CLANG_WARN_SUSPICIOUS_MOVE = YES;
				CLANG_WARN_UNGUARDED_AVAILABILITY = YES_AGGRESSIVE;
				CLANG_WARN_UNREACHABLE_CODE = YES;
				CLANG_WARN__DUPLICATE_METHOD_MATCH = YES;
				COPY_PHASE_STRIP = NO;
				CURRENT_PROJECT_VERSION = 1;
				DEBUG_INFORMATION_FORMAT = "dwarf-with-dsym";
				ENABLE_NS_ASSERTIONS = NO;
				ENABLE_STRICT_OBJC_MSGSEND = YES;
				GCC_C_LANGUAGE_STANDARD = gnu11;
				GCC_NO_COMMON_BLOCKS = YES;
				GCC_WARN_64_TO_32_BIT_CONVERSION = YES;
				GCC_WARN_ABOUT_RETURN_TYPE = YES_ERROR;
				GCC_WARN_UNDECLARED_SELECTOR = YES;
				GCC_WARN_UNINITIALIZED_AUTOS = YES_AGGRESSIVE;
				GCC_WARN_UNUSED_FUNCTION = YES;
				GCC_WARN_UNUSED_VARIABLE = YES;
				IPHONEOS_DEPLOYMENT_TARGET = 12.0;
				MACOSX_DEPLOYMENT_TARGET = 10.15;
				MTL_ENABLE_DEBUG_INFO = NO;
				MTL_FAST_MATH = YES;
				SDKROOT = iphoneos;
				TVOS_DEPLOYMENT_TARGET = 9.0;
				VALIDATE_PRODUCT = YES;
				VERSIONING_SYSTEM = "apple-generic";
				VERSION_INFO_PREFIX = "";
				WATCHOS_DEPLOYMENT_TARGET = 2.0;
			};
			name = Release;
		};
		8ABFA3CA2615E55800AF0F57 /* Debug */ = {
			isa = XCBuildConfiguration;
			buildSettings = {
				CODE_SIGN_STYLE = Manual;
				DEFINES_MODULE = YES;
				DEVELOPMENT_TEAM = "";
				DYLIB_COMPATIBILITY_VERSION = 1;
				DYLIB_CURRENT_VERSION = 1;
				DYLIB_INSTALL_NAME_BASE = "@rpath";
				INFOPLIST_FILE = "RACObjC-UI/Info.plist";
				INSTALL_PATH = "$(LOCAL_LIBRARY_DIR)/Frameworks";
				IPHONEOS_DEPLOYMENT_TARGET = "$(inherited)";
				LD_RUNPATH_SEARCH_PATHS = (
					"$(inherited)",
					"@executable_path/Frameworks",
					"@loader_path/Frameworks",
				);
				MACOSX_DEPLOYMENT_TARGET = "$(inherited)";
				MODULEMAP_FILE = "$(PROJECT_DIR)/$(PRODUCT_NAME)/$(PRODUCT_NAME).modulemap";
				PRODUCT_BUNDLE_IDENTIFIER = "org.sdkdimon.RACObjC-UIKit";
				PRODUCT_NAME = "RACObjC-UI";
				PROVISIONING_PROFILE_SPECIFIER = "";
				SKIP_INSTALL = YES;
				SUPPORTS_MACCATALYST = NO;
				TARGETED_DEVICE_FAMILY = "1,2";
				TVOS_DEPLOYMENT_TARGET = "$(inherited)";
				WATCHOS_DEPLOYMENT_TARGET = "$(inherited)";
			};
			name = Debug;
		};
		8ABFA3CB2615E55800AF0F57 /* Release */ = {
			isa = XCBuildConfiguration;
			buildSettings = {
				CODE_SIGN_STYLE = Manual;
				DEFINES_MODULE = YES;
				DEVELOPMENT_TEAM = "";
				DYLIB_COMPATIBILITY_VERSION = 1;
				DYLIB_CURRENT_VERSION = 1;
				DYLIB_INSTALL_NAME_BASE = "@rpath";
				INFOPLIST_FILE = "RACObjC-UI/Info.plist";
				INSTALL_PATH = "$(LOCAL_LIBRARY_DIR)/Frameworks";
				IPHONEOS_DEPLOYMENT_TARGET = "$(inherited)";
				LD_RUNPATH_SEARCH_PATHS = (
					"$(inherited)",
					"@executable_path/Frameworks",
					"@loader_path/Frameworks",
				);
				MACOSX_DEPLOYMENT_TARGET = "$(inherited)";
				MODULEMAP_FILE = "$(PROJECT_DIR)/$(PRODUCT_NAME)/$(PRODUCT_NAME).modulemap";
				PRODUCT_BUNDLE_IDENTIFIER = "org.sdkdimon.RACObjC-UIKit";
				PRODUCT_NAME = "RACObjC-UI";
				PROVISIONING_PROFILE_SPECIFIER = "";
				SKIP_INSTALL = YES;
				SUPPORTS_MACCATALYST = NO;
				TARGETED_DEVICE_FAMILY = "1,2";
				TVOS_DEPLOYMENT_TARGET = "$(inherited)";
				WATCHOS_DEPLOYMENT_TARGET = "$(inherited)";
			};
			name = Release;
		};
		8ABFA3CD2615E55800AF0F57 /* Debug */ = {
			isa = XCBuildConfiguration;
			baseConfigurationReference = D619EA30E2CC9095B79528ED /* Pods-RACObjC-UI-iOSTests.debug.xcconfig */;
			buildSettings = {
				CLANG_ENABLE_MODULES = YES;
				"CODE_SIGN_IDENTITY[sdk=macosx*]" = "Apple Development";
				CODE_SIGN_STYLE = Automatic;
				DEVELOPMENT_TEAM = N7KJYZ955Q;
				INFOPLIST_FILE = "RACObjC-UITests/Info.plist";
				IPHONEOS_DEPLOYMENT_TARGET = "$(inherited)";
				LD_RUNPATH_SEARCH_PATHS = (
					"$(inherited)",
					"@executable_path/Frameworks",
					"@loader_path/Frameworks",
				);
				MACOSX_DEPLOYMENT_TARGET = "$(inherited)";
				PRODUCT_BUNDLE_IDENTIFIER = "org.sdkdimon.RACObjC-UIKitTests";
				PRODUCT_NAME = "$(TARGET_NAME)";
				SWIFT_OBJC_BRIDGING_HEADER = "RACObjC-UIKitTests/RACObjC-UIKitTests-Bridging-Header.h";
				SWIFT_OPTIMIZATION_LEVEL = "-Onone";
				SWIFT_VERSION = 5.0;
				TARGETED_DEVICE_FAMILY = "1,2";
				TVOS_DEPLOYMENT_TARGET = "$(inherited)";
				WATCHOS_DEPLOYMENT_TARGET = "$(inherited)";
			};
			name = Debug;
		};
		8ABFA3CE2615E55800AF0F57 /* Release */ = {
			isa = XCBuildConfiguration;
			baseConfigurationReference = 36606D33C04BF8C91FD0A89A /* Pods-RACObjC-UI-iOSTests.release.xcconfig */;
			buildSettings = {
				CLANG_ENABLE_MODULES = YES;
				"CODE_SIGN_IDENTITY[sdk=macosx*]" = "Apple Development";
				CODE_SIGN_STYLE = Automatic;
				DEVELOPMENT_TEAM = N7KJYZ955Q;
				INFOPLIST_FILE = "RACObjC-UITests/Info.plist";
				IPHONEOS_DEPLOYMENT_TARGET = "$(inherited)";
				LD_RUNPATH_SEARCH_PATHS = (
					"$(inherited)",
					"@executable_path/Frameworks",
					"@loader_path/Frameworks",
				);
				MACOSX_DEPLOYMENT_TARGET = "$(inherited)";
				PRODUCT_BUNDLE_IDENTIFIER = "org.sdkdimon.RACObjC-UIKitTests";
				PRODUCT_NAME = "$(TARGET_NAME)";
				SWIFT_OBJC_BRIDGING_HEADER = "RACObjC-UIKitTests/RACObjC-UIKitTests-Bridging-Header.h";
				SWIFT_VERSION = 5.0;
				TARGETED_DEVICE_FAMILY = "1,2";
				TVOS_DEPLOYMENT_TARGET = "$(inherited)";
				WATCHOS_DEPLOYMENT_TARGET = "$(inherited)";
			};
			name = Release;
		};
		8ABFA5B126162B5300AF0F57 /* Debug */ = {
			isa = XCBuildConfiguration;
			buildSettings = {
				CODE_SIGN_IDENTITY = "-";
				CODE_SIGN_STYLE = Manual;
				DEFINES_MODULE = YES;
				DEVELOPMENT_TEAM = "";
				DYLIB_COMPATIBILITY_VERSION = 1;
				DYLIB_CURRENT_VERSION = 1;
				DYLIB_INSTALL_NAME_BASE = "@rpath";
				INFOPLIST_FILE = "RACObjC-UI/Info.plist";
				INSTALL_PATH = "$(LOCAL_LIBRARY_DIR)/Frameworks";
				IPHONEOS_DEPLOYMENT_TARGET = "$(inherited)";
				LD_RUNPATH_SEARCH_PATHS = (
					"$(inherited)",
					"@executable_path/Frameworks",
					"@loader_path/Frameworks",
				);
				MACOSX_DEPLOYMENT_TARGET = "$(inherited)";
				MODULEMAP_FILE = "$(PROJECT_DIR)/$(PRODUCT_NAME)/$(PRODUCT_NAME).modulemap";
				PRODUCT_BUNDLE_IDENTIFIER = "org.sdkdimon.RACObjC-UIKit";
				PRODUCT_NAME = "RACObjC-UI";
				PROVISIONING_PROFILE_SPECIFIER = "";
				SDKROOT = macosx;
				SKIP_INSTALL = YES;
				TARGETED_DEVICE_FAMILY = "";
				TVOS_DEPLOYMENT_TARGET = "$(inherited)";
				WATCHOS_DEPLOYMENT_TARGET = "$(inherited)";
			};
			name = Debug;
		};
		8ABFA5B226162B5300AF0F57 /* Release */ = {
			isa = XCBuildConfiguration;
			buildSettings = {
				CODE_SIGN_IDENTITY = "-";
				CODE_SIGN_STYLE = Manual;
				DEFINES_MODULE = YES;
				DEVELOPMENT_TEAM = "";
				DYLIB_COMPATIBILITY_VERSION = 1;
				DYLIB_CURRENT_VERSION = 1;
				DYLIB_INSTALL_NAME_BASE = "@rpath";
				INFOPLIST_FILE = "RACObjC-UI/Info.plist";
				INSTALL_PATH = "$(LOCAL_LIBRARY_DIR)/Frameworks";
				IPHONEOS_DEPLOYMENT_TARGET = "$(inherited)";
				LD_RUNPATH_SEARCH_PATHS = (
					"$(inherited)",
					"@executable_path/Frameworks",
					"@loader_path/Frameworks",
				);
				MACOSX_DEPLOYMENT_TARGET = "$(inherited)";
				MODULEMAP_FILE = "$(PROJECT_DIR)/$(PRODUCT_NAME)/$(PRODUCT_NAME).modulemap";
				PRODUCT_BUNDLE_IDENTIFIER = "org.sdkdimon.RACObjC-UIKit";
				PRODUCT_NAME = "RACObjC-UI";
				PROVISIONING_PROFILE_SPECIFIER = "";
				SDKROOT = macosx;
				SKIP_INSTALL = YES;
				TARGETED_DEVICE_FAMILY = "";
				TVOS_DEPLOYMENT_TARGET = "$(inherited)";
				WATCHOS_DEPLOYMENT_TARGET = "$(inherited)";
			};
			name = Release;
		};
		8ABFA5FA261637E300AF0F57 /* Debug */ = {
			isa = XCBuildConfiguration;
			baseConfigurationReference = F5FF685D742143EAA3B76408 /* Pods-RACObjC-UI-AppKitTests.debug.xcconfig */;
			buildSettings = {
				CODE_SIGN_IDENTITY = "Apple Development";
				CODE_SIGN_STYLE = Automatic;
				DEVELOPMENT_TEAM = N7KJYZ955Q;
				INFOPLIST_FILE = "RACObjC-UITests/Info.plist";
				IPHONEOS_DEPLOYMENT_TARGET = "$(inherited)";
				LD_RUNPATH_SEARCH_PATHS = (
					"$(inherited)",
					"@executable_path/Frameworks",
					"@loader_path/Frameworks",
				);
				MACOSX_DEPLOYMENT_TARGET = 10.15;
				PRODUCT_BUNDLE_IDENTIFIER = "org.sdkdimon.RACObjC-UIKitTests";
				PRODUCT_NAME = "$(TARGET_NAME)";
				SDKROOT = macosx;
				TARGETED_DEVICE_FAMILY = "";
				TVOS_DEPLOYMENT_TARGET = "$(inherited)";
				WATCHOS_DEPLOYMENT_TARGET = "$(inherited)";
			};
			name = Debug;
		};
		8ABFA5FB261637E300AF0F57 /* Release */ = {
			isa = XCBuildConfiguration;
			baseConfigurationReference = 24BE01D945943E02106C3995 /* Pods-RACObjC-UI-AppKitTests.release.xcconfig */;
			buildSettings = {
				CODE_SIGN_IDENTITY = "Apple Development";
				CODE_SIGN_STYLE = Automatic;
				DEVELOPMENT_TEAM = N7KJYZ955Q;
				INFOPLIST_FILE = "RACObjC-UITests/Info.plist";
				IPHONEOS_DEPLOYMENT_TARGET = "$(inherited)";
				LD_RUNPATH_SEARCH_PATHS = (
					"$(inherited)",
					"@executable_path/Frameworks",
					"@loader_path/Frameworks",
				);
				MACOSX_DEPLOYMENT_TARGET = 10.15;
				PRODUCT_BUNDLE_IDENTIFIER = "org.sdkdimon.RACObjC-UIKitTests";
				PRODUCT_NAME = "$(TARGET_NAME)";
				SDKROOT = macosx;
				TARGETED_DEVICE_FAMILY = "";
				TVOS_DEPLOYMENT_TARGET = "$(inherited)";
				WATCHOS_DEPLOYMENT_TARGET = "$(inherited)";
			};
			name = Release;
		};
/* End XCBuildConfiguration section */

/* Begin XCConfigurationList section */
		8ABFA3AF2615E55800AF0F57 /* Build configuration list for PBXProject "RACObjC-UI" */ = {
			isa = XCConfigurationList;
			buildConfigurations = (
				8ABFA3C72615E55800AF0F57 /* Debug */,
				8ABFA3C82615E55800AF0F57 /* Release */,
			);
			defaultConfigurationIsVisible = 0;
			defaultConfigurationName = Release;
		};
		8ABFA3C92615E55800AF0F57 /* Build configuration list for PBXNativeTarget "RACObjC-UI-iOS" */ = {
			isa = XCConfigurationList;
			buildConfigurations = (
				8ABFA3CA2615E55800AF0F57 /* Debug */,
				8ABFA3CB2615E55800AF0F57 /* Release */,
			);
			defaultConfigurationIsVisible = 0;
			defaultConfigurationName = Release;
		};
		8ABFA3CC2615E55800AF0F57 /* Build configuration list for PBXNativeTarget "RACObjC-UI-iOSTests" */ = {
			isa = XCConfigurationList;
			buildConfigurations = (
				8ABFA3CD2615E55800AF0F57 /* Debug */,
				8ABFA3CE2615E55800AF0F57 /* Release */,
			);
			defaultConfigurationIsVisible = 0;
			defaultConfigurationName = Release;
		};
		8ABFA5B026162B5300AF0F57 /* Build configuration list for PBXNativeTarget "RACObjC-UI-AppKit" */ = {
			isa = XCConfigurationList;
			buildConfigurations = (
				8ABFA5B126162B5300AF0F57 /* Debug */,
				8ABFA5B226162B5300AF0F57 /* Release */,
			);
			defaultConfigurationIsVisible = 0;
			defaultConfigurationName = Release;
		};
		8ABFA5F9261637E300AF0F57 /* Build configuration list for PBXNativeTarget "RACObjC-UI-AppKitTests" */ = {
			isa = XCConfigurationList;
			buildConfigurations = (
				8ABFA5FA261637E300AF0F57 /* Debug */,
				8ABFA5FB261637E300AF0F57 /* Release */,
			);
			defaultConfigurationIsVisible = 0;
			defaultConfigurationName = Release;
		};
/* End XCConfigurationList section */
	};
	rootObject = 8ABFA3AC2615E55800AF0F57 /* Project object */;
}
